# THIS IS AN AUTOGENERATED FILE. DO NOT EDIT THIS FILE DIRECTLY.
# yarn lockfile v1


"countdown@>= 2.3.0":
  version "2.6.0"
  resolved "https://registry.yarnpkg.com/countdown/-/countdown-2.6.0.tgz#677fb8e3a9d4cc4e76415901ba253b518af34177"

moment-countdown@^0.0.3:
  version "0.0.3"
  resolved "https://registry.yarnpkg.com/moment-countdown/-/moment-countdown-0.0.3.tgz#93100c92aa6fd884b84a83814ebdcd6b87f3388d"
  dependencies:
    countdown ">= 2.3.0"
    moment ">= 2.0.0"

"moment@>= 2.0.0", moment@^2.21.0:
  version "2.21.0"
  resolved "https://registry.yarnpkg.com/moment/-/moment-2.21.0.tgz#2a114b51d2a6ec9e6d83cf803f838a878d8a023a"

react-moment@^0.7.0:
  version "0.7.0"
  resolved "https://registry.yarnpkg.com/react-moment/-/react-moment-0.7.0.tgz#9ccb5c87be683d08c253b48469167443f09c3d89"

react_ujs@^2.4.4:
  version "2.4.4"
  resolved "https://registry.yarnpkg.com/react_ujs/-/react_ujs-2.4.4.tgz#49bac535d24024a96b0a35d7514d18188aea42bc"
